<?xml version="1.0" encoding="utf-8"?>
<Project ToolsVersion="17.0" xmlns="http://schemas.microsoft.com/developer/msbuild/2003">
  <ItemGroup>
    <ClCompile Include="D:\AndroidStudio\shaprofile\windows\flutter\ephemeral\cpp_client_wrapper\core_implementations.cc">
      <Filter>Source Files</Filter>
    </ClCompile>
    <ClCompile Include="D:\AndroidStudio\shaprofile\windows\flutter\ephemeral\cpp_client_wrapper\standard_codec.cc">
      <Filter>Source Files</Filter>
    </ClCompile>
    <ClCompile Include="D:\AndroidStudio\shaprofile\windows\flutter\ephemeral\cpp_client_wrapper\plugin_registrar.cc">
      <Filter>Source Files</Filter>
    </ClCompile>
  </ItemGroup>
  <ItemGroup>
    <CustomBuild Include="D:\AndroidStudio\shaprofile\windows\flutter\CMakeLists.txt" />
  </ItemGroup>
  <ItemGroup>
    <Filter Include="CMake Rules">
      <UniqueIdentifier>{07706A69-0152-3C84-9B26-9296A9B0D66B}</UniqueIdentifier>
    </Filter>
    <Filter Include="Source Files">
      <UniqueIdentifier>{9DBADF32-5C05-3443-9794-E1051EF80B03}</UniqueIdentifier>
    </Filter>
  </ItemGroup>
</Project>
