
Microsoft Visual Studio Solution File, Format Version 12.00
# Visual Studio Version 17
Project("{8BC9CEB8-8B4A-11D0-8D11-00A0C91BC942}") = "ALL_BUILD", "ALL_BUILD.vcxproj", "{BDC8102E-9D79-311E-9076-B4F258CB4B6B}"
	ProjectSection(ProjectDependencies) = postProject
		{2B0440B8-8C26-3D07-8C4D-8702B4D2EE54} = {2B0440B8-8C26-3D07-8C4D-8702B4D2EE54}
		{F76F275F-C62E-33DF-A662-BA77C8E1F4FB} = {F76F275F-C62E-33DF-A662-BA77C8E1F4FB}
		{FDEEA64B-F1BF-3DF5-8C3C-E88E4E34CBA9} = {FDEEA64B-F1BF-3DF5-8C3C-E88E4E34CBA9}
		{5B558C83-8212-3C62-99DD-0F3555714666} = {5B558C83-8212-3C62-99DD-0F3555714666}
		{5C42EC40-4DFB-3494-94A8-C8DD63225A59} = {5C42EC40-4DFB-3494-94A8-C8DD63225A59}
	EndProjectSection
EndProject
Project("{8BC9CEB8-8B4A-11D0-8D11-00A0C91BC942}") = "INSTALL", "INSTALL.vcxproj", "{3E50DC2A-BC36-37DA-AD04-4FC5562290E1}"
	ProjectSection(ProjectDependencies) = postProject
		{BDC8102E-9D79-311E-9076-B4F258CB4B6B} = {BDC8102E-9D79-311E-9076-B4F258CB4B6B}
		{2B0440B8-8C26-3D07-8C4D-8702B4D2EE54} = {2B0440B8-8C26-3D07-8C4D-8702B4D2EE54}
	EndProjectSection
EndProject
Project("{8BC9CEB8-8B4A-11D0-8D11-00A0C91BC942}") = "ZERO_CHECK", "ZERO_CHECK.vcxproj", "{2B0440B8-8C26-3D07-8C4D-8702B4D2EE54}"
	ProjectSection(ProjectDependencies) = postProject
	EndProjectSection
EndProject
Project("{8BC9CEB8-8B4A-11D0-8D11-00A0C91BC942}") = "flutter_assemble", "flutter\flutter_assemble.vcxproj", "{CAF63967-4467-3E0C-A2C4-5924D1CC54FC}"
	ProjectSection(ProjectDependencies) = postProject
		{2B0440B8-8C26-3D07-8C4D-8702B4D2EE54} = {2B0440B8-8C26-3D07-8C4D-8702B4D2EE54}
	EndProjectSection
EndProject
Project("{8BC9CEB8-8B4A-11D0-8D11-00A0C91BC942}") = "flutter_wrapper_app", "flutter\flutter_wrapper_app.vcxproj", "{F76F275F-C62E-33DF-A662-BA77C8E1F4FB}"
	ProjectSection(ProjectDependencies) = postProject
		{2B0440B8-8C26-3D07-8C4D-8702B4D2EE54} = {2B0440B8-8C26-3D07-8C4D-8702B4D2EE54}
		{CAF63967-4467-3E0C-A2C4-5924D1CC54FC} = {CAF63967-4467-3E0C-A2C4-5924D1CC54FC}
	EndProjectSection
EndProject
Project("{8BC9CEB8-8B4A-11D0-8D11-00A0C91BC942}") = "flutter_wrapper_plugin", "flutter\flutter_wrapper_plugin.vcxproj", "{FDEEA64B-F1BF-3DF5-8C3C-E88E4E34CBA9}"
	ProjectSection(ProjectDependencies) = postProject
		{2B0440B8-8C26-3D07-8C4D-8702B4D2EE54} = {2B0440B8-8C26-3D07-8C4D-8702B4D2EE54}
		{CAF63967-4467-3E0C-A2C4-5924D1CC54FC} = {CAF63967-4467-3E0C-A2C4-5924D1CC54FC}
	EndProjectSection
EndProject
Project("{8BC9CEB8-8B4A-11D0-8D11-00A0C91BC942}") = "shaprofile", "runner\shaprofile.vcxproj", "{5B558C83-8212-3C62-99DD-0F3555714666}"
	ProjectSection(ProjectDependencies) = postProject
		{2B0440B8-8C26-3D07-8C4D-8702B4D2EE54} = {2B0440B8-8C26-3D07-8C4D-8702B4D2EE54}
		{CAF63967-4467-3E0C-A2C4-5924D1CC54FC} = {CAF63967-4467-3E0C-A2C4-5924D1CC54FC}
		{F76F275F-C62E-33DF-A662-BA77C8E1F4FB} = {F76F275F-C62E-33DF-A662-BA77C8E1F4FB}
		{5C42EC40-4DFB-3494-94A8-C8DD63225A59} = {5C42EC40-4DFB-3494-94A8-C8DD63225A59}
	EndProjectSection
EndProject
Project("{8BC9CEB8-8B4A-11D0-8D11-00A0C91BC942}") = "url_launcher_windows_plugin", "plugins\url_launcher_windows\url_launcher_windows_plugin.vcxproj", "{5C42EC40-4DFB-3494-94A8-C8DD63225A59}"
	ProjectSection(ProjectDependencies) = postProject
		{2B0440B8-8C26-3D07-8C4D-8702B4D2EE54} = {2B0440B8-8C26-3D07-8C4D-8702B4D2EE54}
		{CAF63967-4467-3E0C-A2C4-5924D1CC54FC} = {CAF63967-4467-3E0C-A2C4-5924D1CC54FC}
		{FDEEA64B-F1BF-3DF5-8C3C-E88E4E34CBA9} = {FDEEA64B-F1BF-3DF5-8C3C-E88E4E34CBA9}
	EndProjectSection
EndProject
Global
	GlobalSection(SolutionConfigurationPlatforms) = preSolution
		Debug|x64 = Debug|x64
		Profile|x64 = Profile|x64
		Release|x64 = Release|x64
	EndGlobalSection
	GlobalSection(ProjectConfigurationPlatforms) = postSolution
		{BDC8102E-9D79-311E-9076-B4F258CB4B6B}.Debug|x64.ActiveCfg = Debug|x64
		{BDC8102E-9D79-311E-9076-B4F258CB4B6B}.Debug|x64.Build.0 = Debug|x64
		{BDC8102E-9D79-311E-9076-B4F258CB4B6B}.Profile|x64.ActiveCfg = Profile|x64
		{BDC8102E-9D79-311E-9076-B4F258CB4B6B}.Profile|x64.Build.0 = Profile|x64
		{BDC8102E-9D79-311E-9076-B4F258CB4B6B}.Release|x64.ActiveCfg = Release|x64
		{BDC8102E-9D79-311E-9076-B4F258CB4B6B}.Release|x64.Build.0 = Release|x64
		{3E50DC2A-BC36-37DA-AD04-4FC5562290E1}.Debug|x64.ActiveCfg = Debug|x64
		{3E50DC2A-BC36-37DA-AD04-4FC5562290E1}.Debug|x64.Build.0 = Debug|x64
		{3E50DC2A-BC36-37DA-AD04-4FC5562290E1}.Profile|x64.ActiveCfg = Profile|x64
		{3E50DC2A-BC36-37DA-AD04-4FC5562290E1}.Profile|x64.Build.0 = Profile|x64
		{3E50DC2A-BC36-37DA-AD04-4FC5562290E1}.Release|x64.ActiveCfg = Release|x64
		{3E50DC2A-BC36-37DA-AD04-4FC5562290E1}.Release|x64.Build.0 = Release|x64
		{2B0440B8-8C26-3D07-8C4D-8702B4D2EE54}.Debug|x64.ActiveCfg = Debug|x64
		{2B0440B8-8C26-3D07-8C4D-8702B4D2EE54}.Debug|x64.Build.0 = Debug|x64
		{2B0440B8-8C26-3D07-8C4D-8702B4D2EE54}.Profile|x64.ActiveCfg = Profile|x64
		{2B0440B8-8C26-3D07-8C4D-8702B4D2EE54}.Profile|x64.Build.0 = Profile|x64
		{2B0440B8-8C26-3D07-8C4D-8702B4D2EE54}.Release|x64.ActiveCfg = Release|x64
		{2B0440B8-8C26-3D07-8C4D-8702B4D2EE54}.Release|x64.Build.0 = Release|x64
		{CAF63967-4467-3E0C-A2C4-5924D1CC54FC}.Debug|x64.ActiveCfg = Debug|x64
		{CAF63967-4467-3E0C-A2C4-5924D1CC54FC}.Debug|x64.Build.0 = Debug|x64
		{CAF63967-4467-3E0C-A2C4-5924D1CC54FC}.Profile|x64.ActiveCfg = Profile|x64
		{CAF63967-4467-3E0C-A2C4-5924D1CC54FC}.Profile|x64.Build.0 = Profile|x64
		{CAF63967-4467-3E0C-A2C4-5924D1CC54FC}.Release|x64.ActiveCfg = Release|x64
		{CAF63967-4467-3E0C-A2C4-5924D1CC54FC}.Release|x64.Build.0 = Release|x64
		{F76F275F-C62E-33DF-A662-BA77C8E1F4FB}.Debug|x64.ActiveCfg = Debug|x64
		{F76F275F-C62E-33DF-A662-BA77C8E1F4FB}.Debug|x64.Build.0 = Debug|x64
		{F76F275F-C62E-33DF-A662-BA77C8E1F4FB}.Profile|x64.ActiveCfg = Profile|x64
		{F76F275F-C62E-33DF-A662-BA77C8E1F4FB}.Profile|x64.Build.0 = Profile|x64
		{F76F275F-C62E-33DF-A662-BA77C8E1F4FB}.Release|x64.ActiveCfg = Release|x64
		{F76F275F-C62E-33DF-A662-BA77C8E1F4FB}.Release|x64.Build.0 = Release|x64
		{FDEEA64B-F1BF-3DF5-8C3C-E88E4E34CBA9}.Debug|x64.ActiveCfg = Debug|x64
		{FDEEA64B-F1BF-3DF5-8C3C-E88E4E34CBA9}.Debug|x64.Build.0 = Debug|x64
		{FDEEA64B-F1BF-3DF5-8C3C-E88E4E34CBA9}.Profile|x64.ActiveCfg = Profile|x64
		{FDEEA64B-F1BF-3DF5-8C3C-E88E4E34CBA9}.Profile|x64.Build.0 = Profile|x64
		{FDEEA64B-F1BF-3DF5-8C3C-E88E4E34CBA9}.Release|x64.ActiveCfg = Release|x64
		{FDEEA64B-F1BF-3DF5-8C3C-E88E4E34CBA9}.Release|x64.Build.0 = Release|x64
		{5B558C83-8212-3C62-99DD-0F3555714666}.Debug|x64.ActiveCfg = Debug|x64
		{5B558C83-8212-3C62-99DD-0F3555714666}.Debug|x64.Build.0 = Debug|x64
		{5B558C83-8212-3C62-99DD-0F3555714666}.Profile|x64.ActiveCfg = Profile|x64
		{5B558C83-8212-3C62-99DD-0F3555714666}.Profile|x64.Build.0 = Profile|x64
		{5B558C83-8212-3C62-99DD-0F3555714666}.Release|x64.ActiveCfg = Release|x64
		{5B558C83-8212-3C62-99DD-0F3555714666}.Release|x64.Build.0 = Release|x64
		{5C42EC40-4DFB-3494-94A8-C8DD63225A59}.Debug|x64.ActiveCfg = Debug|x64
		{5C42EC40-4DFB-3494-94A8-C8DD63225A59}.Debug|x64.Build.0 = Debug|x64
		{5C42EC40-4DFB-3494-94A8-C8DD63225A59}.Profile|x64.ActiveCfg = Profile|x64
		{5C42EC40-4DFB-3494-94A8-C8DD63225A59}.Profile|x64.Build.0 = Profile|x64
		{5C42EC40-4DFB-3494-94A8-C8DD63225A59}.Release|x64.ActiveCfg = Release|x64
		{5C42EC40-4DFB-3494-94A8-C8DD63225A59}.Release|x64.Build.0 = Release|x64
	EndGlobalSection
	GlobalSection(ExtensibilityGlobals) = postSolution
		SolutionGuid = {DED1D13B-1BA8-3325-9917-CF00A55310B1}
	EndGlobalSection
	GlobalSection(ExtensibilityAddIns) = postSolution
	EndGlobalSection
EndGlobal
