<?xml version="1.0" encoding="utf-8"?>
<Project ToolsVersion="17.0" xmlns="http://schemas.microsoft.com/developer/msbuild/2003">
  <ItemGroup>
    <ClCompile Include="D:\AndroidStudio\shaprofile\windows\flutter\ephemeral\.plugin_symlinks\url_launcher_windows\windows\url_launcher_windows.cpp">
      <Filter>Source Files</Filter>
    </ClCompile>
    <ClCompile Include="D:\AndroidStudio\shaprofile\windows\flutter\ephemeral\.plugin_symlinks\url_launcher_windows\windows\messages.g.cpp">
      <Filter>Source Files</Filter>
    </ClCompile>
    <ClCompile Include="D:\AndroidStudio\shaprofile\windows\flutter\ephemeral\.plugin_symlinks\url_launcher_windows\windows\system_apis.cpp">
      <Filter>Source Files</Filter>
    </ClCompile>
    <ClCompile Include="D:\AndroidStudio\shaprofile\windows\flutter\ephemeral\.plugin_symlinks\url_launcher_windows\windows\url_launcher_plugin.cpp">
      <Filter>Source Files</Filter>
    </ClCompile>
  </ItemGroup>
  <ItemGroup>
    <ClInclude Include="D:\AndroidStudio\shaprofile\windows\flutter\ephemeral\.plugin_symlinks\url_launcher_windows\windows\include\url_launcher_windows\url_launcher_windows.h">
      <Filter>Header Files</Filter>
    </ClInclude>
    <ClInclude Include="D:\AndroidStudio\shaprofile\windows\flutter\ephemeral\.plugin_symlinks\url_launcher_windows\windows\messages.g.h">
      <Filter>Header Files</Filter>
    </ClInclude>
    <ClInclude Include="D:\AndroidStudio\shaprofile\windows\flutter\ephemeral\.plugin_symlinks\url_launcher_windows\windows\system_apis.h">
      <Filter>Header Files</Filter>
    </ClInclude>
    <ClInclude Include="D:\AndroidStudio\shaprofile\windows\flutter\ephemeral\.plugin_symlinks\url_launcher_windows\windows\url_launcher_plugin.h">
      <Filter>Header Files</Filter>
    </ClInclude>
  </ItemGroup>
  <ItemGroup>
    <CustomBuild Include="D:\AndroidStudio\shaprofile\windows\flutter\ephemeral\.plugin_symlinks\url_launcher_windows\windows\CMakeLists.txt" />
  </ItemGroup>
  <ItemGroup>
    <Filter Include="Header Files">
      <UniqueIdentifier>{C3261650-F075-3218-8F57-148C7B47978C}</UniqueIdentifier>
    </Filter>
    <Filter Include="Source Files">
      <UniqueIdentifier>{9DBADF32-5C05-3443-9794-E1051EF80B03}</UniqueIdentifier>
    </Filter>
  </ItemGroup>
</Project>
