<?xml version="1.0" encoding="utf-8"?>
<Project ToolsVersion="17.0" xmlns="http://schemas.microsoft.com/developer/msbuild/2003">
  <ItemGroup>
    <ClCompile Include="D:\AndroidStudio\shaprofile\windows\runner\flutter_window.cpp">
      <Filter>Source Files</Filter>
    </ClCompile>
    <ClCompile Include="D:\AndroidStudio\shaprofile\windows\runner\main.cpp">
      <Filter>Source Files</Filter>
    </ClCompile>
    <ClCompile Include="D:\AndroidStudio\shaprofile\windows\runner\utils.cpp">
      <Filter>Source Files</Filter>
    </ClCompile>
    <ClCompile Include="D:\AndroidStudio\shaprofile\windows\runner\win32_window.cpp">
      <Filter>Source Files</Filter>
    </ClCompile>
    <ClCompile Include="D:\AndroidStudio\shaprofile\windows\flutter\generated_plugin_registrant.cc">
      <Filter>Source Files</Filter>
    </ClCompile>
  </ItemGroup>
  <ItemGroup>
    <CustomBuild Include="D:\AndroidStudio\shaprofile\windows\runner\CMakeLists.txt" />
  </ItemGroup>
  <ItemGroup>
    <ResourceCompile Include="D:\AndroidStudio\shaprofile\windows\runner\Runner.rc">
      <Filter>Source Files</Filter>
    </ResourceCompile>
  </ItemGroup>
  <ItemGroup>
    <Filter Include="Source Files">
      <UniqueIdentifier>{9DBADF32-5C05-3443-9794-E1051EF80B03}</UniqueIdentifier>
    </Filter>
  </ItemGroup>
</Project>
